
Microsoft Visual Studio Solution File, Format Version 12.00
# Visual Studio 15
VisualStudioVersion = 15.0.26124.0
MinimumVisualStudioVersion = 15.0.26124.0
Project("{FAE04EC0-301F-11D3-BF4B-00C04F79EFBC}") = "FactoryPattern", "FactoryPattern\FactoryPattern.csproj", "{F03D568B-DDED-4AE9-918C-230626EC7355}"
EndProject
Project("{FAE04EC0-301F-11D3-BF4B-00C04F79EFBC}") = "StrategyPattern", "StrategyPattern\StrategyPattern.csproj", "{62030518-1A6C-4E84-BCBE-1AD2C32036A4}"
EndProject
Project("{FAE04EC0-301F-11D3-BF4B-00C04F79EFBC}") = "StatePattern", "StatePattern\StatePattern.csproj", "{88DEBA8C-F27A-46C8-9EC6-76725C79C184}"
EndProject
Project("{FAE04EC0-301F-11D3-BF4B-00C04F79EFBC}") = "SingletonPattern", "SingletonPattern\SingletonPattern.csproj", "{F1C87B9C-FD66-418E-BFD6-C0A44639ED8F}"
EndProject
Project("{FAE04EC0-301F-11D3-BF4B-00C04F79EFBC}") = "DecoratorPattern", "DecoratorPattern\DecoratorPattern.csproj", "{BAEAC049-D751-418A-951E-81601AF250A5}"
EndProject
Project("{FAE04EC0-301F-11D3-BF4B-00C04F79EFBC}") = "BridgePattern", "BridgePattern\BridgePattern.csproj", "{5BD0683B-D518-44F8-917C-765BF7B68E24}"
EndProject
Project("{FAE04EC0-301F-11D3-BF4B-00C04F79EFBC}") = "ObserverPattern", "ObserverPattern\ObserverPattern.csproj", "{C84141AF-412F-4D07-B11E-C28B7399A189}"
EndProject
Project("{FAE04EC0-301F-11D3-BF4B-00C04F79EFBC}") = "BuilderPattern", "BuilderPattern\BuilderPattern.csproj", "{288BCD64-9411-4598-A5BE-F538E6F77AF0}"
EndProject
Project("{FAE04EC0-301F-11D3-BF4B-00C04F79EFBC}") = "AdapterPattern", "AdapterPattern\AdapterPattern.csproj", "{F5287E16-0161-41F1-9FD5-7B128C2AFA11}"
EndProject
Project("{FAE04EC0-301F-11D3-BF4B-00C04F79EFBC}") = "PrototypePattern", "PrototypePattern\PrototypePattern.csproj", "{14527468-5C50-4ECE-8807-779D5414BB24}"
EndProject
Project("{FAE04EC0-301F-11D3-BF4B-00C04F79EFBC}") = "CompositePattern", "CompositePattern\CompositePattern.csproj", "{72443F53-458C-4E1C-A51E-238A6351CB18}"
EndProject
Project("{FAE04EC0-301F-11D3-BF4B-00C04F79EFBC}") = "FacadePattern", "FacadePattern\FacadePattern.csproj", "{B4ABBDD5-6D2A-4343-9FD5-679046D5E23B}"
EndProject
Project("{FAE04EC0-301F-11D3-BF4B-00C04F79EFBC}") = "FlyweightPattern", "FlyweightPattern\FlyweightPattern.csproj", "{92EDDF43-B979-4A08-B249-5F4F4C9115A8}"
EndProject
Project("{FAE04EC0-301F-11D3-BF4B-00C04F79EFBC}") = "ChainOfResponsibilityPattern", "ChainOfResponsibilityPattern\ChainOfResponsibilityPattern.csproj", "{B1DE3643-39BD-4F24-BBE8-0E8FCB03D7D6}"
EndProject
Project("{FAE04EC0-301F-11D3-BF4B-00C04F79EFBC}") = "ProxyPattern", "ProxyPattern\ProxyPattern.csproj", "{0D5A162A-6246-4070-BEEE-EA064EA8A991}"
EndProject
Project("{FAE04EC0-301F-11D3-BF4B-00C04F79EFBC}") = "IteratorPattern", "IteratorPattern\IteratorPattern.csproj", "{39F557C7-AB9F-47C0-AA8C-56F373988402}"
EndProject
Project("{FAE04EC0-301F-11D3-BF4B-00C04F79EFBC}") = "CommandPattern", "CommandPattern\CommandPattern.csproj", "{1161411F-0077-4769-9F77-43666DEE3C74}"
EndProject
Project("{FAE04EC0-301F-11D3-BF4B-00C04F79EFBC}") = "MediatorPattern", "MediatorPattern\MediatorPattern.csproj", "{393BAF69-51E8-4595-976A-5F75D3D2BA5F}"
EndProject
Project("{FAE04EC0-301F-11D3-BF4B-00C04F79EFBC}") = "InterpreterPattern", "InterpreterPattern\InterpreterPattern.csproj", "{3C65AE53-AD6A-4D61-9195-964032AB217C}"
EndProject
Project("{FAE04EC0-301F-11D3-BF4B-00C04F79EFBC}") = "MementoPattern", "MementoPattern\MementoPattern.csproj", "{C0A36053-5BA4-49FE-9C6A-2E90404DAABB}"
EndProject
Project("{FAE04EC0-301F-11D3-BF4B-00C04F79EFBC}") = "TemplateMethodPattern", "TemplateMethodPattern\TemplateMethodPattern.csproj", "{257E4EC1-E7AA-437C-9E20-261A24139A5C}"
EndProject
Global
	GlobalSection(SolutionConfigurationPlatforms) = preSolution
		Debug|Any CPU = Debug|Any CPU
		Debug|x64 = Debug|x64
		Debug|x86 = Debug|x86
		Release|Any CPU = Release|Any CPU
		Release|x64 = Release|x64
		Release|x86 = Release|x86
	EndGlobalSection
	GlobalSection(SolutionProperties) = preSolution
		HideSolutionNode = FALSE
	EndGlobalSection
	GlobalSection(ProjectConfigurationPlatforms) = postSolution
		{F03D568B-DDED-4AE9-918C-230626EC7355}.Debug|Any CPU.ActiveCfg = Debug|Any CPU
		{F03D568B-DDED-4AE9-918C-230626EC7355}.Debug|Any CPU.Build.0 = Debug|Any CPU
		{F03D568B-DDED-4AE9-918C-230626EC7355}.Debug|x64.ActiveCfg = Debug|Any CPU
		{F03D568B-DDED-4AE9-918C-230626EC7355}.Debug|x64.Build.0 = Debug|Any CPU
		{F03D568B-DDED-4AE9-918C-230626EC7355}.Debug|x86.ActiveCfg = Debug|Any CPU
		{F03D568B-DDED-4AE9-918C-230626EC7355}.Debug|x86.Build.0 = Debug|Any CPU
		{F03D568B-DDED-4AE9-918C-230626EC7355}.Release|Any CPU.ActiveCfg = Release|Any CPU
		{F03D568B-DDED-4AE9-918C-230626EC7355}.Release|Any CPU.Build.0 = Release|Any CPU
		{F03D568B-DDED-4AE9-918C-230626EC7355}.Release|x64.ActiveCfg = Release|Any CPU
		{F03D568B-DDED-4AE9-918C-230626EC7355}.Release|x64.Build.0 = Release|Any CPU
		{F03D568B-DDED-4AE9-918C-230626EC7355}.Release|x86.ActiveCfg = Release|Any CPU
		{F03D568B-DDED-4AE9-918C-230626EC7355}.Release|x86.Build.0 = Release|Any CPU
		{62030518-1A6C-4E84-BCBE-1AD2C32036A4}.Debug|Any CPU.ActiveCfg = Debug|Any CPU
		{62030518-1A6C-4E84-BCBE-1AD2C32036A4}.Debug|Any CPU.Build.0 = Debug|Any CPU
		{62030518-1A6C-4E84-BCBE-1AD2C32036A4}.Debug|x64.ActiveCfg = Debug|Any CPU
		{62030518-1A6C-4E84-BCBE-1AD2C32036A4}.Debug|x64.Build.0 = Debug|Any CPU
		{62030518-1A6C-4E84-BCBE-1AD2C32036A4}.Debug|x86.ActiveCfg = Debug|Any CPU
		{62030518-1A6C-4E84-BCBE-1AD2C32036A4}.Debug|x86.Build.0 = Debug|Any CPU
		{62030518-1A6C-4E84-BCBE-1AD2C32036A4}.Release|Any CPU.ActiveCfg = Release|Any CPU
		{62030518-1A6C-4E84-BCBE-1AD2C32036A4}.Release|Any CPU.Build.0 = Release|Any CPU
		{62030518-1A6C-4E84-BCBE-1AD2C32036A4}.Release|x64.ActiveCfg = Release|Any CPU
		{62030518-1A6C-4E84-BCBE-1AD2C32036A4}.Release|x64.Build.0 = Release|Any CPU
		{62030518-1A6C-4E84-BCBE-1AD2C32036A4}.Release|x86.ActiveCfg = Release|Any CPU
		{62030518-1A6C-4E84-BCBE-1AD2C32036A4}.Release|x86.Build.0 = Release|Any CPU
		{88DEBA8C-F27A-46C8-9EC6-76725C79C184}.Debug|Any CPU.ActiveCfg = Debug|Any CPU
		{88DEBA8C-F27A-46C8-9EC6-76725C79C184}.Debug|Any CPU.Build.0 = Debug|Any CPU
		{88DEBA8C-F27A-46C8-9EC6-76725C79C184}.Debug|x64.ActiveCfg = Debug|Any CPU
		{88DEBA8C-F27A-46C8-9EC6-76725C79C184}.Debug|x64.Build.0 = Debug|Any CPU
		{88DEBA8C-F27A-46C8-9EC6-76725C79C184}.Debug|x86.ActiveCfg = Debug|Any CPU
		{88DEBA8C-F27A-46C8-9EC6-76725C79C184}.Debug|x86.Build.0 = Debug|Any CPU
		{88DEBA8C-F27A-46C8-9EC6-76725C79C184}.Release|Any CPU.ActiveCfg = Release|Any CPU
		{88DEBA8C-F27A-46C8-9EC6-76725C79C184}.Release|Any CPU.Build.0 = Release|Any CPU
		{88DEBA8C-F27A-46C8-9EC6-76725C79C184}.Release|x64.ActiveCfg = Release|Any CPU
		{88DEBA8C-F27A-46C8-9EC6-76725C79C184}.Release|x64.Build.0 = Release|Any CPU
		{88DEBA8C-F27A-46C8-9EC6-76725C79C184}.Release|x86.ActiveCfg = Release|Any CPU
		{88DEBA8C-F27A-46C8-9EC6-76725C79C184}.Release|x86.Build.0 = Release|Any CPU
		{F1C87B9C-FD66-418E-BFD6-C0A44639ED8F}.Debug|Any CPU.ActiveCfg = Debug|Any CPU
		{F1C87B9C-FD66-418E-BFD6-C0A44639ED8F}.Debug|Any CPU.Build.0 = Debug|Any CPU
		{F1C87B9C-FD66-418E-BFD6-C0A44639ED8F}.Debug|x64.ActiveCfg = Debug|Any CPU
		{F1C87B9C-FD66-418E-BFD6-C0A44639ED8F}.Debug|x64.Build.0 = Debug|Any CPU
		{F1C87B9C-FD66-418E-BFD6-C0A44639ED8F}.Debug|x86.ActiveCfg = Debug|Any CPU
		{F1C87B9C-FD66-418E-BFD6-C0A44639ED8F}.Debug|x86.Build.0 = Debug|Any CPU
		{F1C87B9C-FD66-418E-BFD6-C0A44639ED8F}.Release|Any CPU.ActiveCfg = Release|Any CPU
		{F1C87B9C-FD66-418E-BFD6-C0A44639ED8F}.Release|Any CPU.Build.0 = Release|Any CPU
		{F1C87B9C-FD66-418E-BFD6-C0A44639ED8F}.Release|x64.ActiveCfg = Release|Any CPU
		{F1C87B9C-FD66-418E-BFD6-C0A44639ED8F}.Release|x64.Build.0 = Release|Any CPU
		{F1C87B9C-FD66-418E-BFD6-C0A44639ED8F}.Release|x86.ActiveCfg = Release|Any CPU
		{F1C87B9C-FD66-418E-BFD6-C0A44639ED8F}.Release|x86.Build.0 = Release|Any CPU
		{BAEAC049-D751-418A-951E-81601AF250A5}.Debug|Any CPU.ActiveCfg = Debug|Any CPU
		{BAEAC049-D751-418A-951E-81601AF250A5}.Debug|Any CPU.Build.0 = Debug|Any CPU
		{BAEAC049-D751-418A-951E-81601AF250A5}.Debug|x64.ActiveCfg = Debug|Any CPU
		{BAEAC049-D751-418A-951E-81601AF250A5}.Debug|x64.Build.0 = Debug|Any CPU
		{BAEAC049-D751-418A-951E-81601AF250A5}.Debug|x86.ActiveCfg = Debug|Any CPU
		{BAEAC049-D751-418A-951E-81601AF250A5}.Debug|x86.Build.0 = Debug|Any CPU
		{BAEAC049-D751-418A-951E-81601AF250A5}.Release|Any CPU.ActiveCfg = Release|Any CPU
		{BAEAC049-D751-418A-951E-81601AF250A5}.Release|Any CPU.Build.0 = Release|Any CPU
		{BAEAC049-D751-418A-951E-81601AF250A5}.Release|x64.ActiveCfg = Release|Any CPU
		{BAEAC049-D751-418A-951E-81601AF250A5}.Release|x64.Build.0 = Release|Any CPU
		{BAEAC049-D751-418A-951E-81601AF250A5}.Release|x86.ActiveCfg = Release|Any CPU
		{BAEAC049-D751-418A-951E-81601AF250A5}.Release|x86.Build.0 = Release|Any CPU
		{5BD0683B-D518-44F8-917C-765BF7B68E24}.Debug|Any CPU.ActiveCfg = Debug|Any CPU
		{5BD0683B-D518-44F8-917C-765BF7B68E24}.Debug|Any CPU.Build.0 = Debug|Any CPU
		{5BD0683B-D518-44F8-917C-765BF7B68E24}.Debug|x64.ActiveCfg = Debug|Any CPU
		{5BD0683B-D518-44F8-917C-765BF7B68E24}.Debug|x64.Build.0 = Debug|Any CPU
		{5BD0683B-D518-44F8-917C-765BF7B68E24}.Debug|x86.ActiveCfg = Debug|Any CPU
		{5BD0683B-D518-44F8-917C-765BF7B68E24}.Debug|x86.Build.0 = Debug|Any CPU
		{5BD0683B-D518-44F8-917C-765BF7B68E24}.Release|Any CPU.ActiveCfg = Release|Any CPU
		{5BD0683B-D518-44F8-917C-765BF7B68E24}.Release|Any CPU.Build.0 = Release|Any CPU
		{5BD0683B-D518-44F8-917C-765BF7B68E24}.Release|x64.ActiveCfg = Release|Any CPU
		{5BD0683B-D518-44F8-917C-765BF7B68E24}.Release|x64.Build.0 = Release|Any CPU
		{5BD0683B-D518-44F8-917C-765BF7B68E24}.Release|x86.ActiveCfg = Release|Any CPU
		{5BD0683B-D518-44F8-917C-765BF7B68E24}.Release|x86.Build.0 = Release|Any CPU
		{C84141AF-412F-4D07-B11E-C28B7399A189}.Debug|Any CPU.ActiveCfg = Debug|Any CPU
		{C84141AF-412F-4D07-B11E-C28B7399A189}.Debug|Any CPU.Build.0 = Debug|Any CPU
		{C84141AF-412F-4D07-B11E-C28B7399A189}.Debug|x64.ActiveCfg = Debug|Any CPU
		{C84141AF-412F-4D07-B11E-C28B7399A189}.Debug|x64.Build.0 = Debug|Any CPU
		{C84141AF-412F-4D07-B11E-C28B7399A189}.Debug|x86.ActiveCfg = Debug|Any CPU
		{C84141AF-412F-4D07-B11E-C28B7399A189}.Debug|x86.Build.0 = Debug|Any CPU
		{C84141AF-412F-4D07-B11E-C28B7399A189}.Release|Any CPU.ActiveCfg = Release|Any CPU
		{C84141AF-412F-4D07-B11E-C28B7399A189}.Release|Any CPU.Build.0 = Release|Any CPU
		{C84141AF-412F-4D07-B11E-C28B7399A189}.Release|x64.ActiveCfg = Release|Any CPU
		{C84141AF-412F-4D07-B11E-C28B7399A189}.Release|x64.Build.0 = Release|Any CPU
		{C84141AF-412F-4D07-B11E-C28B7399A189}.Release|x86.ActiveCfg = Release|Any CPU
		{C84141AF-412F-4D07-B11E-C28B7399A189}.Release|x86.Build.0 = Release|Any CPU
		{288BCD64-9411-4598-A5BE-F538E6F77AF0}.Debug|Any CPU.ActiveCfg = Debug|Any CPU
		{288BCD64-9411-4598-A5BE-F538E6F77AF0}.Debug|Any CPU.Build.0 = Debug|Any CPU
		{288BCD64-9411-4598-A5BE-F538E6F77AF0}.Debug|x64.ActiveCfg = Debug|Any CPU
		{288BCD64-9411-4598-A5BE-F538E6F77AF0}.Debug|x64.Build.0 = Debug|Any CPU
		{288BCD64-9411-4598-A5BE-F538E6F77AF0}.Debug|x86.ActiveCfg = Debug|Any CPU
		{288BCD64-9411-4598-A5BE-F538E6F77AF0}.Debug|x86.Build.0 = Debug|Any CPU
		{288BCD64-9411-4598-A5BE-F538E6F77AF0}.Release|Any CPU.ActiveCfg = Release|Any CPU
		{288BCD64-9411-4598-A5BE-F538E6F77AF0}.Release|Any CPU.Build.0 = Release|Any CPU
		{288BCD64-9411-4598-A5BE-F538E6F77AF0}.Release|x64.ActiveCfg = Release|Any CPU
		{288BCD64-9411-4598-A5BE-F538E6F77AF0}.Release|x64.Build.0 = Release|Any CPU
		{288BCD64-9411-4598-A5BE-F538E6F77AF0}.Release|x86.ActiveCfg = Release|Any CPU
		{288BCD64-9411-4598-A5BE-F538E6F77AF0}.Release|x86.Build.0 = Release|Any CPU
		{F5287E16-0161-41F1-9FD5-7B128C2AFA11}.Debug|Any CPU.ActiveCfg = Debug|Any CPU
		{F5287E16-0161-41F1-9FD5-7B128C2AFA11}.Debug|Any CPU.Build.0 = Debug|Any CPU
		{F5287E16-0161-41F1-9FD5-7B128C2AFA11}.Debug|x64.ActiveCfg = Debug|Any CPU
		{F5287E16-0161-41F1-9FD5-7B128C2AFA11}.Debug|x64.Build.0 = Debug|Any CPU
		{F5287E16-0161-41F1-9FD5-7B128C2AFA11}.Debug|x86.ActiveCfg = Debug|Any CPU
		{F5287E16-0161-41F1-9FD5-7B128C2AFA11}.Debug|x86.Build.0 = Debug|Any CPU
		{F5287E16-0161-41F1-9FD5-7B128C2AFA11}.Release|Any CPU.ActiveCfg = Release|Any CPU
		{F5287E16-0161-41F1-9FD5-7B128C2AFA11}.Release|Any CPU.Build.0 = Release|Any CPU
		{F5287E16-0161-41F1-9FD5-7B128C2AFA11}.Release|x64.ActiveCfg = Release|Any CPU
		{F5287E16-0161-41F1-9FD5-7B128C2AFA11}.Release|x64.Build.0 = Release|Any CPU
		{F5287E16-0161-41F1-9FD5-7B128C2AFA11}.Release|x86.ActiveCfg = Release|Any CPU
		{F5287E16-0161-41F1-9FD5-7B128C2AFA11}.Release|x86.Build.0 = Release|Any CPU
		{14527468-5C50-4ECE-8807-779D5414BB24}.Debug|Any CPU.ActiveCfg = Debug|Any CPU
		{14527468-5C50-4ECE-8807-779D5414BB24}.Debug|Any CPU.Build.0 = Debug|Any CPU
		{14527468-5C50-4ECE-8807-779D5414BB24}.Debug|x64.ActiveCfg = Debug|Any CPU
		{14527468-5C50-4ECE-8807-779D5414BB24}.Debug|x64.Build.0 = Debug|Any CPU
		{14527468-5C50-4ECE-8807-779D5414BB24}.Debug|x86.ActiveCfg = Debug|Any CPU
		{14527468-5C50-4ECE-8807-779D5414BB24}.Debug|x86.Build.0 = Debug|Any CPU
		{14527468-5C50-4ECE-8807-779D5414BB24}.Release|Any CPU.ActiveCfg = Release|Any CPU
		{14527468-5C50-4ECE-8807-779D5414BB24}.Release|Any CPU.Build.0 = Release|Any CPU
		{14527468-5C50-4ECE-8807-779D5414BB24}.Release|x64.ActiveCfg = Release|Any CPU
		{14527468-5C50-4ECE-8807-779D5414BB24}.Release|x64.Build.0 = Release|Any CPU
		{14527468-5C50-4ECE-8807-779D5414BB24}.Release|x86.ActiveCfg = Release|Any CPU
		{14527468-5C50-4ECE-8807-779D5414BB24}.Release|x86.Build.0 = Release|Any CPU
		{72443F53-458C-4E1C-A51E-238A6351CB18}.Debug|Any CPU.ActiveCfg = Debug|Any CPU
		{72443F53-458C-4E1C-A51E-238A6351CB18}.Debug|Any CPU.Build.0 = Debug|Any CPU
		{72443F53-458C-4E1C-A51E-238A6351CB18}.Debug|x64.ActiveCfg = Debug|Any CPU
		{72443F53-458C-4E1C-A51E-238A6351CB18}.Debug|x64.Build.0 = Debug|Any CPU
		{72443F53-458C-4E1C-A51E-238A6351CB18}.Debug|x86.ActiveCfg = Debug|Any CPU
		{72443F53-458C-4E1C-A51E-238A6351CB18}.Debug|x86.Build.0 = Debug|Any CPU
		{72443F53-458C-4E1C-A51E-238A6351CB18}.Release|Any CPU.ActiveCfg = Release|Any CPU
		{72443F53-458C-4E1C-A51E-238A6351CB18}.Release|Any CPU.Build.0 = Release|Any CPU
		{72443F53-458C-4E1C-A51E-238A6351CB18}.Release|x64.ActiveCfg = Release|Any CPU
		{72443F53-458C-4E1C-A51E-238A6351CB18}.Release|x64.Build.0 = Release|Any CPU
		{72443F53-458C-4E1C-A51E-238A6351CB18}.Release|x86.ActiveCfg = Release|Any CPU
		{72443F53-458C-4E1C-A51E-238A6351CB18}.Release|x86.Build.0 = Release|Any CPU
		{B4ABBDD5-6D2A-4343-9FD5-679046D5E23B}.Debug|Any CPU.ActiveCfg = Debug|Any CPU
		{B4ABBDD5-6D2A-4343-9FD5-679046D5E23B}.Debug|Any CPU.Build.0 = Debug|Any CPU
		{B4ABBDD5-6D2A-4343-9FD5-679046D5E23B}.Debug|x64.ActiveCfg = Debug|Any CPU
		{B4ABBDD5-6D2A-4343-9FD5-679046D5E23B}.Debug|x64.Build.0 = Debug|Any CPU
		{B4ABBDD5-6D2A-4343-9FD5-679046D5E23B}.Debug|x86.ActiveCfg = Debug|Any CPU
		{B4ABBDD5-6D2A-4343-9FD5-679046D5E23B}.Debug|x86.Build.0 = Debug|Any CPU
		{B4ABBDD5-6D2A-4343-9FD5-679046D5E23B}.Release|Any CPU.ActiveCfg = Release|Any CPU
		{B4ABBDD5-6D2A-4343-9FD5-679046D5E23B}.Release|Any CPU.Build.0 = Release|Any CPU
		{B4ABBDD5-6D2A-4343-9FD5-679046D5E23B}.Release|x64.ActiveCfg = Release|Any CPU
		{B4ABBDD5-6D2A-4343-9FD5-679046D5E23B}.Release|x64.Build.0 = Release|Any CPU
		{B4ABBDD5-6D2A-4343-9FD5-679046D5E23B}.Release|x86.ActiveCfg = Release|Any CPU
		{B4ABBDD5-6D2A-4343-9FD5-679046D5E23B}.Release|x86.Build.0 = Release|Any CPU
		{92EDDF43-B979-4A08-B249-5F4F4C9115A8}.Debug|Any CPU.ActiveCfg = Debug|Any CPU
		{92EDDF43-B979-4A08-B249-5F4F4C9115A8}.Debug|Any CPU.Build.0 = Debug|Any CPU
		{92EDDF43-B979-4A08-B249-5F4F4C9115A8}.Debug|x64.ActiveCfg = Debug|Any CPU
		{92EDDF43-B979-4A08-B249-5F4F4C9115A8}.Debug|x64.Build.0 = Debug|Any CPU
		{92EDDF43-B979-4A08-B249-5F4F4C9115A8}.Debug|x86.ActiveCfg = Debug|Any CPU
		{92EDDF43-B979-4A08-B249-5F4F4C9115A8}.Debug|x86.Build.0 = Debug|Any CPU
		{92EDDF43-B979-4A08-B249-5F4F4C9115A8}.Release|Any CPU.ActiveCfg = Release|Any CPU
		{92EDDF43-B979-4A08-B249-5F4F4C9115A8}.Release|Any CPU.Build.0 = Release|Any CPU
		{92EDDF43-B979-4A08-B249-5F4F4C9115A8}.Release|x64.ActiveCfg = Release|Any CPU
		{92EDDF43-B979-4A08-B249-5F4F4C9115A8}.Release|x64.Build.0 = Release|Any CPU
		{92EDDF43-B979-4A08-B249-5F4F4C9115A8}.Release|x86.ActiveCfg = Release|Any CPU
		{92EDDF43-B979-4A08-B249-5F4F4C9115A8}.Release|x86.Build.0 = Release|Any CPU
		{B1DE3643-39BD-4F24-BBE8-0E8FCB03D7D6}.Debug|Any CPU.ActiveCfg = Debug|Any CPU
		{B1DE3643-39BD-4F24-BBE8-0E8FCB03D7D6}.Debug|Any CPU.Build.0 = Debug|Any CPU
		{B1DE3643-39BD-4F24-BBE8-0E8FCB03D7D6}.Debug|x64.ActiveCfg = Debug|Any CPU
		{B1DE3643-39BD-4F24-BBE8-0E8FCB03D7D6}.Debug|x64.Build.0 = Debug|Any CPU
		{B1DE3643-39BD-4F24-BBE8-0E8FCB03D7D6}.Debug|x86.ActiveCfg = Debug|Any CPU
		{B1DE3643-39BD-4F24-BBE8-0E8FCB03D7D6}.Debug|x86.Build.0 = Debug|Any CPU
		{B1DE3643-39BD-4F24-BBE8-0E8FCB03D7D6}.Release|Any CPU.ActiveCfg = Release|Any CPU
		{B1DE3643-39BD-4F24-BBE8-0E8FCB03D7D6}.Release|Any CPU.Build.0 = Release|Any CPU
		{B1DE3643-39BD-4F24-BBE8-0E8FCB03D7D6}.Release|x64.ActiveCfg = Release|Any CPU
		{B1DE3643-39BD-4F24-BBE8-0E8FCB03D7D6}.Release|x64.Build.0 = Release|Any CPU
		{B1DE3643-39BD-4F24-BBE8-0E8FCB03D7D6}.Release|x86.ActiveCfg = Release|Any CPU
		{B1DE3643-39BD-4F24-BBE8-0E8FCB03D7D6}.Release|x86.Build.0 = Release|Any CPU
		{0D5A162A-6246-4070-BEEE-EA064EA8A991}.Debug|Any CPU.ActiveCfg = Debug|Any CPU
		{0D5A162A-6246-4070-BEEE-EA064EA8A991}.Debug|Any CPU.Build.0 = Debug|Any CPU
		{0D5A162A-6246-4070-BEEE-EA064EA8A991}.Debug|x64.ActiveCfg = Debug|Any CPU
		{0D5A162A-6246-4070-BEEE-EA064EA8A991}.Debug|x64.Build.0 = Debug|Any CPU
		{0D5A162A-6246-4070-BEEE-EA064EA8A991}.Debug|x86.ActiveCfg = Debug|Any CPU
		{0D5A162A-6246-4070-BEEE-EA064EA8A991}.Debug|x86.Build.0 = Debug|Any CPU
		{0D5A162A-6246-4070-BEEE-EA064EA8A991}.Release|Any CPU.ActiveCfg = Release|Any CPU
		{0D5A162A-6246-4070-BEEE-EA064EA8A991}.Release|Any CPU.Build.0 = Release|Any CPU
		{0D5A162A-6246-4070-BEEE-EA064EA8A991}.Release|x64.ActiveCfg = Release|Any CPU
		{0D5A162A-6246-4070-BEEE-EA064EA8A991}.Release|x64.Build.0 = Release|Any CPU
		{0D5A162A-6246-4070-BEEE-EA064EA8A991}.Release|x86.ActiveCfg = Release|Any CPU
		{0D5A162A-6246-4070-BEEE-EA064EA8A991}.Release|x86.Build.0 = Release|Any CPU
		{39F557C7-AB9F-47C0-AA8C-56F373988402}.Debug|Any CPU.ActiveCfg = Debug|Any CPU
		{39F557C7-AB9F-47C0-AA8C-56F373988402}.Debug|Any CPU.Build.0 = Debug|Any CPU
		{39F557C7-AB9F-47C0-AA8C-56F373988402}.Debug|x64.ActiveCfg = Debug|Any CPU
		{39F557C7-AB9F-47C0-AA8C-56F373988402}.Debug|x64.Build.0 = Debug|Any CPU
		{39F557C7-AB9F-47C0-AA8C-56F373988402}.Debug|x86.ActiveCfg = Debug|Any CPU
		{39F557C7-AB9F-47C0-AA8C-56F373988402}.Debug|x86.Build.0 = Debug|Any CPU
		{39F557C7-AB9F-47C0-AA8C-56F373988402}.Release|Any CPU.ActiveCfg = Release|Any CPU
		{39F557C7-AB9F-47C0-AA8C-56F373988402}.Release|Any CPU.Build.0 = Release|Any CPU
		{39F557C7-AB9F-47C0-AA8C-56F373988402}.Release|x64.ActiveCfg = Release|Any CPU
		{39F557C7-AB9F-47C0-AA8C-56F373988402}.Release|x64.Build.0 = Release|Any CPU
		{39F557C7-AB9F-47C0-AA8C-56F373988402}.Release|x86.ActiveCfg = Release|Any CPU
		{39F557C7-AB9F-47C0-AA8C-56F373988402}.Release|x86.Build.0 = Release|Any CPU
		{1161411F-0077-4769-9F77-43666DEE3C74}.Debug|Any CPU.ActiveCfg = Debug|Any CPU
		{1161411F-0077-4769-9F77-43666DEE3C74}.Debug|Any CPU.Build.0 = Debug|Any CPU
		{1161411F-0077-4769-9F77-43666DEE3C74}.Debug|x64.ActiveCfg = Debug|Any CPU
		{1161411F-0077-4769-9F77-43666DEE3C74}.Debug|x64.Build.0 = Debug|Any CPU
		{1161411F-0077-4769-9F77-43666DEE3C74}.Debug|x86.ActiveCfg = Debug|Any CPU
		{1161411F-0077-4769-9F77-43666DEE3C74}.Debug|x86.Build.0 = Debug|Any CPU
		{1161411F-0077-4769-9F77-43666DEE3C74}.Release|Any CPU.ActiveCfg = Release|Any CPU
		{1161411F-0077-4769-9F77-43666DEE3C74}.Release|Any CPU.Build.0 = Release|Any CPU
		{1161411F-0077-4769-9F77-43666DEE3C74}.Release|x64.ActiveCfg = Release|Any CPU
		{1161411F-0077-4769-9F77-43666DEE3C74}.Release|x64.Build.0 = Release|Any CPU
		{1161411F-0077-4769-9F77-43666DEE3C74}.Release|x86.ActiveCfg = Release|Any CPU
		{1161411F-0077-4769-9F77-43666DEE3C74}.Release|x86.Build.0 = Release|Any CPU
		{393BAF69-51E8-4595-976A-5F75D3D2BA5F}.Debug|Any CPU.ActiveCfg = Debug|Any CPU
		{393BAF69-51E8-4595-976A-5F75D3D2BA5F}.Debug|Any CPU.Build.0 = Debug|Any CPU
		{393BAF69-51E8-4595-976A-5F75D3D2BA5F}.Debug|x64.ActiveCfg = Debug|Any CPU
		{393BAF69-51E8-4595-976A-5F75D3D2BA5F}.Debug|x64.Build.0 = Debug|Any CPU
		{393BAF69-51E8-4595-976A-5F75D3D2BA5F}.Debug|x86.ActiveCfg = Debug|Any CPU
		{393BAF69-51E8-4595-976A-5F75D3D2BA5F}.Debug|x86.Build.0 = Debug|Any CPU
		{393BAF69-51E8-4595-976A-5F75D3D2BA5F}.Release|Any CPU.ActiveCfg = Release|Any CPU
		{393BAF69-51E8-4595-976A-5F75D3D2BA5F}.Release|Any CPU.Build.0 = Release|Any CPU
		{393BAF69-51E8-4595-976A-5F75D3D2BA5F}.Release|x64.ActiveCfg = Release|Any CPU
		{393BAF69-51E8-4595-976A-5F75D3D2BA5F}.Release|x64.Build.0 = Release|Any CPU
		{393BAF69-51E8-4595-976A-5F75D3D2BA5F}.Release|x86.ActiveCfg = Release|Any CPU
		{393BAF69-51E8-4595-976A-5F75D3D2BA5F}.Release|x86.Build.0 = Release|Any CPU
		{3C65AE53-AD6A-4D61-9195-964032AB217C}.Debug|Any CPU.ActiveCfg = Debug|Any CPU
		{3C65AE53-AD6A-4D61-9195-964032AB217C}.Debug|Any CPU.Build.0 = Debug|Any CPU
		{3C65AE53-AD6A-4D61-9195-964032AB217C}.Debug|x64.ActiveCfg = Debug|Any CPU
		{3C65AE53-AD6A-4D61-9195-964032AB217C}.Debug|x64.Build.0 = Debug|Any CPU
		{3C65AE53-AD6A-4D61-9195-964032AB217C}.Debug|x86.ActiveCfg = Debug|Any CPU
		{3C65AE53-AD6A-4D61-9195-964032AB217C}.Debug|x86.Build.0 = Debug|Any CPU
		{3C65AE53-AD6A-4D61-9195-964032AB217C}.Release|Any CPU.ActiveCfg = Release|Any CPU
		{3C65AE53-AD6A-4D61-9195-964032AB217C}.Release|Any CPU.Build.0 = Release|Any CPU
		{3C65AE53-AD6A-4D61-9195-964032AB217C}.Release|x64.ActiveCfg = Release|Any CPU
		{3C65AE53-AD6A-4D61-9195-964032AB217C}.Release|x64.Build.0 = Release|Any CPU
		{3C65AE53-AD6A-4D61-9195-964032AB217C}.Release|x86.ActiveCfg = Release|Any CPU
		{3C65AE53-AD6A-4D61-9195-964032AB217C}.Release|x86.Build.0 = Release|Any CPU
		{C0A36053-5BA4-49FE-9C6A-2E90404DAABB}.Debug|Any CPU.ActiveCfg = Debug|Any CPU
		{C0A36053-5BA4-49FE-9C6A-2E90404DAABB}.Debug|Any CPU.Build.0 = Debug|Any CPU
		{C0A36053-5BA4-49FE-9C6A-2E90404DAABB}.Debug|x64.ActiveCfg = Debug|Any CPU
		{C0A36053-5BA4-49FE-9C6A-2E90404DAABB}.Debug|x64.Build.0 = Debug|Any CPU
		{C0A36053-5BA4-49FE-9C6A-2E90404DAABB}.Debug|x86.ActiveCfg = Debug|Any CPU
		{C0A36053-5BA4-49FE-9C6A-2E90404DAABB}.Debug|x86.Build.0 = Debug|Any CPU
		{C0A36053-5BA4-49FE-9C6A-2E90404DAABB}.Release|Any CPU.ActiveCfg = Release|Any CPU
		{C0A36053-5BA4-49FE-9C6A-2E90404DAABB}.Release|Any CPU.Build.0 = Release|Any CPU
		{C0A36053-5BA4-49FE-9C6A-2E90404DAABB}.Release|x64.ActiveCfg = Release|Any CPU
		{C0A36053-5BA4-49FE-9C6A-2E90404DAABB}.Release|x64.Build.0 = Release|Any CPU
		{C0A36053-5BA4-49FE-9C6A-2E90404DAABB}.Release|x86.ActiveCfg = Release|Any CPU
		{C0A36053-5BA4-49FE-9C6A-2E90404DAABB}.Release|x86.Build.0 = Release|Any CPU
		{257E4EC1-E7AA-437C-9E20-261A24139A5C}.Debug|Any CPU.ActiveCfg = Debug|Any CPU
		{257E4EC1-E7AA-437C-9E20-261A24139A5C}.Debug|Any CPU.Build.0 = Debug|Any CPU
		{257E4EC1-E7AA-437C-9E20-261A24139A5C}.Debug|x64.ActiveCfg = Debug|Any CPU
		{257E4EC1-E7AA-437C-9E20-261A24139A5C}.Debug|x64.Build.0 = Debug|Any CPU
		{257E4EC1-E7AA-437C-9E20-261A24139A5C}.Debug|x86.ActiveCfg = Debug|Any CPU
		{257E4EC1-E7AA-437C-9E20-261A24139A5C}.Debug|x86.Build.0 = Debug|Any CPU
		{257E4EC1-E7AA-437C-9E20-261A24139A5C}.Release|Any CPU.ActiveCfg = Release|Any CPU
		{257E4EC1-E7AA-437C-9E20-261A24139A5C}.Release|Any CPU.Build.0 = Release|Any CPU
		{257E4EC1-E7AA-437C-9E20-261A24139A5C}.Release|x64.ActiveCfg = Release|Any CPU
		{257E4EC1-E7AA-437C-9E20-261A24139A5C}.Release|x64.Build.0 = Release|Any CPU
		{257E4EC1-E7AA-437C-9E20-261A24139A5C}.Release|x86.ActiveCfg = Release|Any CPU
		{257E4EC1-E7AA-437C-9E20-261A24139A5C}.Release|x86.Build.0 = Release|Any CPU
	EndGlobalSection
EndGlobal
